<Solution>
  <Folder Name="/SolutionItems/">
    <File Path=".editorconfig" />
    <File Path=".gitignore" />
    <File Path="Directory.Build.props" />
    <File Path="Directory.Packages.props" />
    <File Path="global.json" />
    <File Path="nuget.config" />
  </Folder>
  <Folder Name="/src/">
    <Project Path="src/Cli/VoiceLocalCli.Domain/VoiceLocalCli.Domain.csproj" />
    <Project Path="src/Cli/VoiceLocalCli.Application/VoiceLocalCli.Application.csproj" />
    <Project Path="src/Cli/VoiceLocalCli.Infrastructure/VoiceLocalCli.Infrastructure.csproj" />
    <Project Path="src/Cli/VoiceLocalCli.Ui.Console/VoiceLocalCli.Ui.Console.csproj" />
  </Folder>
  <Folder Name="/tests/">
    <Project Path="tests/Cli.Tests/VoiceLocalCli.Architecture.Tests/VoiceLocalCli.Architecture.Tests.csproj" />
    <Project Path="tests/Cli.Tests/VoiceLocalCli.Application.Tests/VoiceLocalCli.Application.Tests.csproj" />
  </Folder>
</Solution>
